{
  "name": "pow-sports-hax",
  "version": "11.0.5",
  "lockfileVersion": 3,
  "requires": true,
  "packages": {
    "": {
      "name": "pow-sports-hax",
      "version": "11.0.5",
      "license": "Apache-2.0",
      "dependencies": {
        "@haxtheweb/simple-cta": "^11.0.0"
      }
    },
    "node_modules/@a11y/focus-trap": {
      "version": "1.0.5",
      "resolved": "https://registry.npmjs.org/@a11y/focus-trap/-/focus-trap-1.0.5.tgz",
      "integrity": "sha512-3JOd6g+BALysWS8LNf0qdB8ltR651H/RCLAvUmfS0LIHwHO579XfjZUIZbURYiAZrcbp1CBAq4QZ2YwKNQZ1hw==",
      "license": "MIT"
    },
    "node_modules/@haxtheweb/a11y-utils": {
      "version": "11.0.0",
      "resolved": "https://registry.npmjs.org/@haxtheweb/a11y-utils/-/a11y-utils-11.0.0.tgz",
      "integrity": "sha512-Xox8kj7w7eOJ3f72MPE7IxEX9AwMBDuMH6jUmbzYw6k9QuMZbRNlLlMHWMRVlin4mYGApVpxthXqSQ3cJBqvRA==",
      "license": "Apache-2.0",
      "dependencies": {
        "lit": "^3.3.0"
      }
    },
    "node_modules/@haxtheweb/d-d-d": {
      "version": "11.0.5",
      "resolved": "https://registry.npmjs.org/@haxtheweb/d-d-d/-/d-d-d-11.0.5.tgz",
      "integrity": "sha512-Ez5Ayf8agUjJX6n+FUUtBQLi+NMA5W9roeuuXrzo/x6sKfVKYNlGFT9QN6e1FajBEjO7llxPAW9BWHfjVehcSg==",
      "license": "Apache-2.0",
      "dependencies": {
        "@haxtheweb/hax-iconset": "^11.0.0",
        "@haxtheweb/simple-colors": "^11.0.5",
        "@haxtheweb/simple-icon": "^11.0.5",
        "lit": "^3.3.0"
      }
    },
    "node_modules/@haxtheweb/hax-iconset": {
      "version": "11.0.0",
      "resolved": "https://registry.npmjs.org/@haxtheweb/hax-iconset/-/hax-iconset-11.0.0.tgz",
      "integrity": "sha512-WW7j6wNGBxYWGn2mvT1zoO6+M3YxqNykm0oahqwH//LJOD+H3DLzRE6mWNiIFZH5DfBCPDGbA5J081XBx2IuFw==",
      "license": "Apache-2.0",
      "dependencies": {
        "@haxtheweb/simple-icon": "^11.0.0"
      }
    },
    "node_modules/@haxtheweb/intersection-element": {
      "version": "11.0.0",
      "resolved": "https://registry.npmjs.org/@haxtheweb/intersection-element/-/intersection-element-11.0.0.tgz",
      "integrity": "sha512-nvXIPNdk+Rnxt7I3L2WmGyp0xR132Wf39+kdXYftEN/ijhl/dDSix6jEf0NPnpip4WsRsIs0N0NZttPewv3M/Q==",
      "license": "Apache-2.0"
    },
    "node_modules/@haxtheweb/simple-colors": {
      "version": "11.0.5",
      "resolved": "https://registry.npmjs.org/@haxtheweb/simple-colors/-/simple-colors-11.0.5.tgz",
      "integrity": "sha512-uABUktJR4LR+g3F0xUMFFMWhq5tzWdvUEjEO8+YZ27hEZDsM3Q1/8lxkVYGJDS/jAPG0nN3YvrJXGUquUK3+ZA==",
      "license": "Apache-2.0",
      "dependencies": {
        "@haxtheweb/a11y-utils": "^11.0.0",
        "@haxtheweb/simple-colors-shared-styles": "^11.0.0",
        "@haxtheweb/simple-modal": "^11.0.5",
        "@haxtheweb/simple-picker": "^11.0.0",
        "@polymer/polymer": "^3.5.2",
        "lit": "^3.3.0"
      }
    },
    "node_modules/@haxtheweb/simple-colors-shared-styles": {
      "version": "11.0.0",
      "resolved": "https://registry.npmjs.org/@haxtheweb/simple-colors-shared-styles/-/simple-colors-shared-styles-11.0.0.tgz",
      "integrity": "sha512-V4i9rzsDrA2CFU6yyvU7zRvFE8lzJjDrITrnj6u+78vz+w1Nv9ZYipvmL56WeYI2h83AidCO1FaTj0Vite5/cg==",
      "license": "Apache-2.0",
      "dependencies": {
        "lit": "^3.3.0"
      }
    },
    "node_modules/@haxtheweb/simple-cta": {
      "version": "11.0.0",
      "resolved": "https://registry.npmjs.org/@haxtheweb/simple-cta/-/simple-cta-11.0.0.tgz",
      "integrity": "sha512-N28qzT6hYx3rXO7ENkg5V3AO84mjFForYGp+mGWLa4xEahfl2eaDE2sdn77pbYDH81DBA+lYlpCzjhP33LHrKw==",
      "license": "Apache-2.0",
      "dependencies": {
        "@haxtheweb/simple-colors": "^11.0.0",
        "@haxtheweb/simple-icon": "^11.0.0",
        "@haxtheweb/utils": "^11.0.0",
        "lit": "^3.3.0"
      }
    },
    "node_modules/@haxtheweb/simple-icon": {
      "version": "11.0.5",
      "resolved": "https://registry.npmjs.org/@haxtheweb/simple-icon/-/simple-icon-11.0.5.tgz",
      "integrity": "sha512-+efNtEVXZRX+AKKXgaTgE5JU8R8hZ8epLINYXgK6xvDKG+iT1Ov+BEm0nl89x3OE/zX2SzOOltTIKf0mpKkF9w==",
      "license": "Apache-2.0",
      "dependencies": {
        "@haxtheweb/d-d-d": "^11.0.5",
        "@haxtheweb/simple-colors": "^11.0.5",
        "flag-icons": "6.6.4",
        "lit": "^3.3.0"
      }
    },
    "node_modules/@haxtheweb/simple-modal": {
      "version": "11.0.5",
      "resolved": "https://registry.npmjs.org/@haxtheweb/simple-modal/-/simple-modal-11.0.5.tgz",
      "integrity": "sha512-eZAf7/FkLYqXcaTEGos1MchTiUI3RjkkEZIJYWSLKaOTYQ4KPW71e4NLOVObJQjewOuOhyjLYPe1aGHgjxfnVA==",
      "license": "Apache-2.0",
      "dependencies": {
        "@haxtheweb/d-d-d": "^11.0.5",
        "@haxtheweb/simple-icon": "^11.0.5",
        "lit": "^3.3.0",
        "web-dialog": "0.0.11"
      }
    },
    "node_modules/@haxtheweb/simple-picker": {
      "version": "11.0.0",
      "resolved": "https://registry.npmjs.org/@haxtheweb/simple-picker/-/simple-picker-11.0.0.tgz",
      "integrity": "sha512-4b0PHqv6jrcgQc8KShw82rBAFS/tOZmEKLGkOPoYuGwwYwgA+OQaCHY1lUkValCKAzd6bVWy3CRF/AWJDznuBg==",
      "license": "Apache-2.0",
      "dependencies": {
        "@haxtheweb/intersection-element": "^11.0.0",
        "@haxtheweb/simple-icon": "^11.0.0",
        "@lit-labs/virtualizer": "^2.1.0",
        "lit": "^3.3.0"
      }
    },
    "node_modules/@haxtheweb/utils": {
      "version": "11.0.0",
      "resolved": "https://registry.npmjs.org/@haxtheweb/utils/-/utils-11.0.0.tgz",
      "integrity": "sha512-Hk1Cok8lUrpbsxb2TZD8N8lKIQRpQaQMzxGkt4zunPxhHwDBKM1YuZu/JwRRivHMeDFlTY51TB3lGnIBmc3Ilg==",
      "license": "Apache-2.0"
    },
    "node_modules/@lit-labs/ssr-dom-shim": {
      "version": "1.4.0",
      "resolved": "https://registry.npmjs.org/@lit-labs/ssr-dom-shim/-/ssr-dom-shim-1.4.0.tgz",
      "integrity": "sha512-ficsEARKnmmW5njugNYKipTm4SFnbik7CXtoencDZzmzo/dQ+2Q0bgkzJuoJP20Aj0F+izzJjOqsnkd6F/o1bw==",
      "license": "BSD-3-Clause"
    },
    "node_modules/@lit-labs/virtualizer": {
      "version": "2.1.1",
      "resolved": "https://registry.npmjs.org/@lit-labs/virtualizer/-/virtualizer-2.1.1.tgz",
      "integrity": "sha512-JWxMwnlouLdwpw8spLTuax53WMnSP3xt0dCyxAS7GJr5Otda9MGgR/ghAdfwhSY75TmjbE1T2TqChwoGCw3ggw==",
      "license": "BSD-3-Clause",
      "dependencies": {
        "lit": "^3.2.0",
        "tslib": "^2.0.3"
      }
    },
    "node_modules/@lit/reactive-element": {
      "version": "2.1.1",
      "resolved": "https://registry.npmjs.org/@lit/reactive-element/-/reactive-element-2.1.1.tgz",
      "integrity": "sha512-N+dm5PAYdQ8e6UlywyyrgI2t++wFGXfHx+dSJ1oBrg6FAxUj40jId++EaRm80MKX5JnlH1sBsyZ5h0bcZKemCg==",
      "license": "BSD-3-Clause",
      "dependencies": {
        "@lit-labs/ssr-dom-shim": "^1.4.0"
      }
    },
    "node_modules/@polymer/polymer": {
      "version": "3.5.2",
      "resolved": "https://registry.npmjs.org/@polymer/polymer/-/polymer-3.5.2.tgz",
      "integrity": "sha512-fWwImY/UH4bb2534DVSaX+Azs2yKg8slkMBHOyGeU2kKx7Xmxp6Lee0jP8p6B3d7c1gFUPB2Z976dTUtX81pQA==",
      "license": "BSD-3-Clause",
      "dependencies": {
        "@webcomponents/shadycss": "^1.9.1"
      }
    },
    "node_modules/@types/trusted-types": {
      "version": "2.0.7",
      "resolved": "https://registry.npmjs.org/@types/trusted-types/-/trusted-types-2.0.7.tgz",
      "integrity": "sha512-ScaPdn1dQczgbl0QFTeTOmVHFULt394XJgOQNoyVhZ6r2vLnMLJfBPd53SB52T/3G36VI1/g2MZaX0cwDuXsfw==",
      "license": "MIT"
    },
    "node_modules/@webcomponents/shadycss": {
      "version": "1.11.2",
      "resolved": "https://registry.npmjs.org/@webcomponents/shadycss/-/shadycss-1.11.2.tgz",
      "integrity": "sha512-vRq+GniJAYSBmTRnhCYPAPq6THYqovJ/gzGThWbgEZUQaBccndGTi1hdiUP15HzEco0I6t4RCtXyX0rsSmwgPw==",
      "license": "BSD-3-Clause"
    },
    "node_modules/flag-icons": {
      "version": "6.6.4",
      "resolved": "https://registry.npmjs.org/flag-icons/-/flag-icons-6.6.4.tgz",
      "integrity": "sha512-hRRXKw3f5F2OCcDTOTXO0tc3ODqBx/ttA61V9mqy/hVbnFXzW+7tJMLQ+xd77+BXwdUzQAMLW2G4RZqqvaN3Mg==",
      "license": "MIT"
    },
    "node_modules/lit": {
      "version": "3.3.1",
      "resolved": "https://registry.npmjs.org/lit/-/lit-3.3.1.tgz",
      "integrity": "sha512-Ksr/8L3PTapbdXJCk+EJVB78jDodUMaP54gD24W186zGRARvwrsPfS60wae/SSCTCNZVPd1chXqio1qHQmu4NA==",
      "license": "BSD-3-Clause",
      "dependencies": {
        "@lit/reactive-element": "^2.1.0",
        "lit-element": "^4.2.0",
        "lit-html": "^3.3.0"
      }
    },
    "node_modules/lit-element": {
      "version": "4.2.1",
      "resolved": "https://registry.npmjs.org/lit-element/-/lit-element-4.2.1.tgz",
      "integrity": "sha512-WGAWRGzirAgyphK2urmYOV72tlvnxw7YfyLDgQ+OZnM9vQQBQnumQ7jUJe6unEzwGU3ahFOjuz1iz1jjrpCPuw==",
      "license": "BSD-3-Clause",
      "dependencies": {
        "@lit-labs/ssr-dom-shim": "^1.4.0",
        "@lit/reactive-element": "^2.1.0",
        "lit-html": "^3.3.0"
      }
    },
    "node_modules/lit-html": {
      "version": "3.3.1",
      "resolved": "https://registry.npmjs.org/lit-html/-/lit-html-3.3.1.tgz",
      "integrity": "sha512-S9hbyDu/vs1qNrithiNyeyv64c9yqiW9l+DBgI18fL+MTvOtWoFR0FWiyq1TxaYef5wNlpEmzlXoBlZEO+WjoA==",
      "license": "BSD-3-Clause",
      "dependencies": {
        "@types/trusted-types": "^2.0.2"
      }
    },
    "node_modules/tslib": {
      "version": "2.8.1",
      "resolved": "https://registry.npmjs.org/tslib/-/tslib-2.8.1.tgz",
      "integrity": "sha512-oJFu94HQb+KVduSUQL7wnpmqnfmLsOA/nAh6b6EH0wCEoK0/mPeXU6c3wKDV83MkOuHPRHtSXKKU99IBazS/2w==",
      "license": "0BSD"
    },
    "node_modules/web-dialog": {
      "version": "0.0.11",
      "resolved": "https://registry.npmjs.org/web-dialog/-/web-dialog-0.0.11.tgz",
      "integrity": "sha512-UGXpUfww+U2zWJCwb8uE0zeiCjyq4gv54VpC2zuT4+sOdR/ukz7flp941472BY9TnI8RrK3S5TLL4K9AQycfwQ==",
      "license": "MIT",
      "dependencies": {
        "@a11y/focus-trap": "^1.0.5"
      }
    }
  }
}
